
Microsoft Visual Studio Solution File, Format Version 12.00
# Visual Studio Version 16
VisualStudioVersion = 16.0.30907.101
MinimumVisualStudioVersion = 10.0.40219.1
Project("{FAE04EC0-301F-11D3-BF4B-00C04F79EFBC}") = "eVoucher", "eVoucher\eVoucher.csproj", "{D09D2C06-262E-438E-9CB0-85339B04CD4B}"
EndProject
Global
	GlobalSection(SolutionConfigurationPlatforms) = preSolution
		Debug|Any CPU = Debug|Any CPU
		Release|Any CPU = Release|Any CPU
	EndGlobalSection
	GlobalSection(ProjectConfigurationPlatforms) = postSolution
		{D09D2C06-262E-438E-9CB0-85339B04CD4B}.Debug|Any CPU.ActiveCfg = Debug|Any CPU
		{D09D2C06-262E-438E-9CB0-85339B04CD4B}.Debug|Any CPU.Build.0 = Debug|Any CPU
		{D09D2C06-262E-438E-9CB0-85339B04CD4B}.Release|Any CPU.ActiveCfg = Release|Any CPU
		{D09D2C06-262E-438E-9CB0-85339B04CD4B}.Release|Any CPU.Build.0 = Release|Any CPU
	EndGlobalSection
	GlobalSection(SolutionProperties) = preSolution
		HideSolutionNode = FALSE
	EndGlobalSection
	GlobalSection(ExtensibilityGlobals) = postSolution
		SolutionGuid = {608DF5B8-69EA-4AB1-B06D-BF4A3A69AA54}
	EndGlobalSection
EndGlobal
